id: vocoder_gsm_fr_encode_sp
label: GSM full-rate Audio Encoder
flags: [ python, cpp ]

inputs:
-   domain: stream
    dtype: short

outputs:
-   domain: stream
    dtype: byte
    vlen: 33

templates:
    imports: from gnuradio import vocoder
    make: vocoder.gsm_fr_encode_sp()

cpp_templates:
    includes: [ '#include <gnuradio/vocoder/gsm_fr_encode_sp.h>' ]
    declarations: 'vocoder::gsm_fr_encode_sp::sptr ${id};'
    make: 'this->${id} = vocoder::gsm_fr_encode_sp::make();'
    link: ['gnuradio-vocoder']

file_format: 1
