id: dtv_atsc_randomizer
label: ATSC Randomizer
flags: [ python, cpp ]

inputs:
-   domain: stream
    dtype: byte
    vlen: 256

outputs:
-   domain: stream
    dtype: byte
    vlen: 256

templates:
    imports: from gnuradio import dtv
    make: dtv.atsc_randomizer()

cpp_templates:
    includes: ['#include <gnuradio/dtv/atsc_randomizer.h>']
    declarations: 'dtv::atsc_randomizer::sptr ${id};'
    make: 'this->${id} = dtv::atsc_randomizer::make();'
    link: ['gnuradio::gnuradio-dtv']

file_format: 1
