id: dtv_atsc_interleaver
label: ATSC Interleaver
flags: [ python, cpp ]

inputs:
-   domain: stream
    dtype: byte
    vlen: 256

outputs:
-   domain: stream
    dtype: byte
    vlen: 256

templates:
    imports: from gnuradio import dtv
    make: dtv.atsc_interleaver()

cpp_templates:
    includes: ['#include <gnuradio/dtv/atsc_interleaver.h>']
    declarations: 'dtv::atsc_interleaver::sptr ${id};'
    make: 'this->${id} = dtv::atsc_interleaver::make();'
    link: ['gnuradio::gnuradio-dtv']

file_format: 1
