id: variable_qtgui_entry
label: QT GUI Entry
flags: [ show_id, python, cpp ]

parameters:
-   id: label
    label: Label
    dtype: string
    hide: ${ ('none' if label else 'part') }
-   id: type
    label: Type
    dtype: enum
    default: int
    options: [real, int, string, bool, raw]
    option_labels: [Float, Integer, String, Boolean, Any]
    option_attributes:
        conv: [eng_notation.str_to_num, int, str, bool, eval]
        str: [eng_notation.num_to_str, str, str, str, repr]
    hide: part
-   id: value
    label: Default Value
    dtype: ${ type }
    default: '0'
-   id: entry_signal
    label: Update Trigger
    dtype: enum
    default: editingFinished
    options: [returnPressed, editingFinished]
    option_labels: ["'Enter'", "'Enter' or focus lost"]
    hide: part
-   id: gui_hint
    label: GUI Hint
    dtype: gui_hint
    hide: part
value: ${ value }

templates:
    imports: |-
        from gnuradio import eng_notation
    var_make: self.${id} = ${id} = ${value}
    callbacks:
    - self.set_${id}(${value})
    - QtCore.QMetaObject.invokeMethod(self._${id}_line_edit, "setText", QtCore.Q_ARG("QString",
        ${type.str}(${id})))
    make: |-
        <%
            win = 'self._%s_tool_bar'%id
        %>
        ${win} = QtWidgets.QToolBar(self)
        ${win}.addWidget(QtWidgets.QLabel("${no_quotes(label,repr(id))}" + ": "))
        self._${id}_line_edit = QtWidgets.QLineEdit(str(self.${id}))
        self._${id}_tool_bar.addWidget(self._${id}_line_edit)
        self._${id}_line_edit.${entry_signal}.connect(
            lambda: self.set_${id}(${type.conv}(str(self._${id}_line_edit.text()))))
        ${gui_hint() % win}

cpp_templates:
    includes: ['#include <QToolBar>', '#include <QLineEdit>', '#include <QLabel>', '#include <QMetaObject>', '#include <QString>']
    declarations: |-
        QToolBar *_${id}_tool_bar;
        QLineEdit *_${id}_line_edit;
        QLabel *_${id}_label;
    var_make: ${id} = ${value};
    callbacks:
    - set_${id}(${value})
    - QMetaObject::invokeMethod(this->_${id}_line_edit, "setText", Q_ARG(QString,
        QString::number(${id})))
    link: ['gnuradio::gnuradio-qtgui']
    make: |-
        <%
            win = 'this->_%s_tool_bar'%id
        %>
        this->_${id}_tool_bar = new QToolBar();
        this->_${id}_label = new QLabel(QString::fromStdString(std::string("${no_quotes(label,repr(id))}")+ std::string(": ")));
        this->_${id}_tool_bar->addWidget(_${id}_label);
        this->_${id}_line_edit = new QLineEdit(QString::number(this->${id}));
        this->_${id}_tool_bar->addWidget(this->_${id}_line_edit);
        QObject::connect(this->_${id}_line_edit, &QLineEdit::${entry_signal}, this, [this] () {this->set_${id}(this->_${id}_line_edit->text().toInt());});

        ${gui_hint() % win}
documentation: |-
    This block creates a variable with a text entry box. Leave the label blank to use the variable id as the label.

    The GUI hint can be used to position the widget within the application. The hint is of the form [tab_id@tab_index]: [row, col, row_span, col_span]. Both the tab specification and the grid position are optional.

file_format: 1
