id: digital_protocol_parser_b
label: Protocol Parser

parameters:
-   id: format
    label: Format Obj.
    dtype: raw

inputs:
-   domain: stream
    dtype: byte

outputs:
-   domain: message
    id: info
    optional: true

templates:
    imports: from gnuradio import digital
    make: digital.protocol_parser_b(${format})

file_format: 1
