id: blocks_file_descriptor_sink
label: File Descriptor Sink
flags: [ python, cpp ]

parameters:
-   id: fd
    label: File Descriptor
    dtype: int
-   id: type
    label: Input Type
    dtype: enum
    options: [complex, float, int, short, byte]
    option_attributes:
        size: [gr.sizeof_gr_complex, gr.sizeof_float, gr.sizeof_int, gr.sizeof_short,
            gr.sizeof_char]
    hide: part
-   id: vlen
    label: Vector Length
    dtype: int
    default: '1'
    hide: ${ 'part' if vlen == 1 else 'none' }

inputs:
-   domain: stream
    dtype: ${ type }
    vlen: ${ vlen }

asserts:
- ${ vlen > 0 }

templates:
    imports: from gnuradio import blocks
    make: blocks.file_descriptor_sink(${type.size}*${vlen}, ${fd})

cpp_templates:
    includes: ['#include <gnuradio/blocks/file_descriptor_sink.h>']
    declarations: 'blocks::file_descriptor_sink::sptr ${id};'
    make: 'this->${id} = blocks::file_descriptor_sink::make(${type.size}*${vlen}, ${fd});'

file_format: 1
