id: blocks_socket_pdu
label: Socket PDU
flags: [ python, cpp ]

parameters:
-   id: type
    label: Type
    dtype: enum
    default: TCP_SERVER
    options: ["TCP_SERVER", "TCP_CLIENT", "UDP_SERVER", "UDP_CLIENT"]
    option_labels: [TCP Server, TCP Client, UDP Server, UDP Client]
-   id: host
    label: Host
    dtype: string
-   id: port
    label: Port
    dtype: string
    default: '52001'
-   id: mtu
    label: MTU
    dtype: int
    default: '10000'
-   id: tcp_no_delay
    label: TCP No Delay
    dtype: enum
    default: 'False'
    options: ['True', 'False']
    option_labels: [Enabled, Disabled]
    hide: ${ (( 'part' if (str(tcp_no_delay) == 'False') else 'none') if ((type == 'TCP_CLIENT') or (type == 'TCP_SERVER')) else 'all') }

inputs:
-   domain: message
    id: pdus
    optional: true

outputs:
-   domain: message
    id: pdus
    optional: true

templates:
    imports: from gnuradio import blocks
    make: blocks.socket_pdu(${repr(type)}, ${host}, ${port}, ${mtu}, ${tcp_no_delay})

cpp_templates:
    includes: ['#include <gnuradio/blocks/socket_pdu.h>']
    declarations: 'blocks::socket_pdu::sptr ${id};'
    make: 'this->${id} = blocks::socket_pdu::make(${type}, ${host}, ${port}, ${mtu}, ${tcp_no_delay});'
    translations:
        'True': 'true'
        'False': 'false'

documentation: |-
    For server modes, leave Host blank to bind to all interfaces (equivalent to 0.0.0.0).

file_format: 1
