id: blocks_skiphead
label: Skip Head
flags: [ python, cpp ]

parameters:
-   id: type
    label: Type
    dtype: enum
    options: [complex, float, int, short, byte]
    option_attributes:
        size: [gr.sizeof_gr_complex, gr.sizeof_float, gr.sizeof_int, gr.sizeof_short,
            gr.sizeof_char]
    hide: part
-   id: num_items
    label: Num Items
    dtype: int
    default: '1024'
-   id: vlen
    label: Vector Length
    dtype: int
    default: '1'
    hide: ${ 'part' if vlen == 1 else 'none' }

inputs:
-   domain: stream
    dtype: ${ type }
    vlen: ${ vlen }

outputs:
-   domain: stream
    dtype: ${ type }
    vlen: ${ vlen }

asserts:
- ${ vlen > 0 }

templates:
    imports: from gnuradio import blocks
    make: blocks.skiphead(${type.size}*${vlen}, ${num_items})

cpp_templates:
    includes: ['#include <gnuradio/blocks/skiphead.h>']
    declarations: 'blocks::skiphead::sptr ${id};'
    make: 'this->${id} = blocks::skiphead::make(${type.size}*${vlen}, ${num_items});'

file_format: 1
